
Microsoft Visual Studio Solution File, Format Version 12.00
# Visual Studio Version 16
VisualStudioVersion = 16.0.32413.511
MinimumVisualStudioVersion = 10.0.40219.1
Project("{9A19103F-16F7-4668-BE54-9A1E7A4F7556}") = "TemperatureConverter.API", "TemperatureConverter.API.csproj", "{096F7A9C-C72C-4CEE-90B6-8ABDF00912A9}"
EndProject
Project("{9A19103F-16F7-4668-BE54-9A1E7A4F7556}") = "TemperatureConverter.Core", "..\TemperatureConverter.Core\TemperatureConverter.Core.csproj", "{1917E203-20F0-4700-9D24-EFFE7880B7E3}"
EndProject
Global
	GlobalSection(SolutionConfigurationPlatforms) = preSolution
		Debug|Any CPU = Debug|Any CPU
		Release|Any CPU = Release|Any CPU
	EndGlobalSection
	GlobalSection(ProjectConfigurationPlatforms) = postSolution
		{096F7A9C-C72C-4CEE-90B6-8ABDF00912A9}.Debug|Any CPU.ActiveCfg = Debug|Any CPU
		{096F7A9C-C72C-4CEE-90B6-8ABDF00912A9}.Debug|Any CPU.Build.0 = Debug|Any CPU
		{096F7A9C-C72C-4CEE-90B6-8ABDF00912A9}.Release|Any CPU.ActiveCfg = Release|Any CPU
		{096F7A9C-C72C-4CEE-90B6-8ABDF00912A9}.Release|Any CPU.Build.0 = Release|Any CPU
		{1917E203-20F0-4700-9D24-EFFE7880B7E3}.Debug|Any CPU.ActiveCfg = Debug|Any CPU
		{1917E203-20F0-4700-9D24-EFFE7880B7E3}.Debug|Any CPU.Build.0 = Debug|Any CPU
		{1917E203-20F0-4700-9D24-EFFE7880B7E3}.Release|Any CPU.ActiveCfg = Release|Any CPU
		{1917E203-20F0-4700-9D24-EFFE7880B7E3}.Release|Any CPU.Build.0 = Release|Any CPU
	EndGlobalSection
	GlobalSection(SolutionProperties) = preSolution
		HideSolutionNode = FALSE
	EndGlobalSection
	GlobalSection(ExtensibilityGlobals) = postSolution
		SolutionGuid = {7CDB6A5D-96B9-4ED1-B6FD-D2E504141FE5}
	EndGlobalSection
EndGlobal
